
Microsoft Visual Studio Solution File, Format Version 12.00
# Visual Studio Version 17
VisualStudioVersion = 17.11.35208.52
MinimumVisualStudioVersion = 10.0.40219.1
Project("{9A19103F-16F7-4668-BE54-9A1E7A4F7556}") = "ETradingApi", "ETradingApi\ETradingApi.csproj", "{123B9D63-AD30-441E-8E82-DF4CE74A6569}"
EndProject
Project("{9A19103F-16F7-4668-BE54-9A1E7A4F7556}") = "ETrading.AppHost", "ETrading.AppHost\ETrading.AppHost.csproj", "{F867523A-6125-40F1-B93C-1F7DD6487FC3}"
EndProject
Project("{9A19103F-16F7-4668-BE54-9A1E7A4F7556}") = "ETrading.ServiceDefaults", "ETrading.ServiceDefaults\ETrading.ServiceDefaults.csproj", "{9197C46A-C42E-450D-B861-D54E84B2458D}"
EndProject
Project("{2150E333-8FDC-42A3-9474-1A3956D46DE8}") = "DATA", "DATA", "{247347F4-E077-4E74-9E65-D457B91CB53D}"
EndProject
Project("{2150E333-8FDC-42A3-9474-1A3956D46DE8}") = "HELPERS", "HELPERS", "{8EA339D5-8D54-460C-BB8E-C63DA144B5A7}"
EndProject
Project("{2150E333-8FDC-42A3-9474-1A3956D46DE8}") = "SERVICES", "SERVICES", "{93313D71-82F0-4A1B-9E76-2E3781E901D0}"
EndProject
Project("{9A19103F-16F7-4668-BE54-9A1E7A4F7556}") = "Data", "Data\Data.csproj", "{3CF286AA-D6B0-4DDC-BFCB-C47ADC7A107C}"
EndProject
Project("{9A19103F-16F7-4668-BE54-9A1E7A4F7556}") = "Dto", "Dto\Dto.csproj", "{EF80F886-4756-4B14-9513-0BAD02256C73}"
EndProject
Project("{9A19103F-16F7-4668-BE54-9A1E7A4F7556}") = "Middleware", "Middleware\Middleware.csproj", "{CF846552-F1C8-4DDD-B52E-A4A534EFF5BC}"
EndProject
Project("{9A19103F-16F7-4668-BE54-9A1E7A4F7556}") = "Models", "Models\Models.csproj", "{32913B4F-C540-48A1-B1CA-E8CE1345FBC2}"
EndProject
Project("{9A19103F-16F7-4668-BE54-9A1E7A4F7556}") = "AppExtentions", "AppExtentions\AppExtentions.csproj", "{0F62602C-2603-426C-B305-61B57C3D08B7}"
EndProject
Project("{9A19103F-16F7-4668-BE54-9A1E7A4F7556}") = "Helpers", "Helpers\Helpers.csproj", "{7A5E9F3A-0DB0-4781-8841-430D2A6D48BA}"
EndProject
Project("{9A19103F-16F7-4668-BE54-9A1E7A4F7556}") = "Errors", "Errors\Errors.csproj", "{2045007B-C1EE-498C-AAFE-FB7B203B721D}"
EndProject
Project("{9A19103F-16F7-4668-BE54-9A1E7A4F7556}") = "Interfaces", "Interfaces\Interfaces.csproj", "{A22318A6-BFB0-49AE-B8ED-9365F8F7A025}"
EndProject
Project("{9A19103F-16F7-4668-BE54-9A1E7A4F7556}") = "Repositories", "Repositories\Repositories.csproj", "{B851D5EC-DD04-4197-9032-5C23E7BEFA0B}"
EndProject
Project("{9A19103F-16F7-4668-BE54-9A1E7A4F7556}") = "Services", "Services\Services.csproj", "{14E39C0A-9D2D-4ACD-973D-5CD6BD25178E}"
EndProject
Global
	GlobalSection(SolutionConfigurationPlatforms) = preSolution
		Debug|Any CPU = Debug|Any CPU
		Release|Any CPU = Release|Any CPU
	EndGlobalSection
	GlobalSection(ProjectConfigurationPlatforms) = postSolution
		{123B9D63-AD30-441E-8E82-DF4CE74A6569}.Debug|Any CPU.ActiveCfg = Debug|Any CPU
		{123B9D63-AD30-441E-8E82-DF4CE74A6569}.Debug|Any CPU.Build.0 = Debug|Any CPU
		{123B9D63-AD30-441E-8E82-DF4CE74A6569}.Release|Any CPU.ActiveCfg = Release|Any CPU
		{123B9D63-AD30-441E-8E82-DF4CE74A6569}.Release|Any CPU.Build.0 = Release|Any CPU
		{F867523A-6125-40F1-B93C-1F7DD6487FC3}.Debug|Any CPU.ActiveCfg = Debug|Any CPU
		{F867523A-6125-40F1-B93C-1F7DD6487FC3}.Debug|Any CPU.Build.0 = Debug|Any CPU
		{F867523A-6125-40F1-B93C-1F7DD6487FC3}.Release|Any CPU.ActiveCfg = Release|Any CPU
		{F867523A-6125-40F1-B93C-1F7DD6487FC3}.Release|Any CPU.Build.0 = Release|Any CPU
		{9197C46A-C42E-450D-B861-D54E84B2458D}.Debug|Any CPU.ActiveCfg = Debug|Any CPU
		{9197C46A-C42E-450D-B861-D54E84B2458D}.Debug|Any CPU.Build.0 = Debug|Any CPU
		{9197C46A-C42E-450D-B861-D54E84B2458D}.Release|Any CPU.ActiveCfg = Release|Any CPU
		{9197C46A-C42E-450D-B861-D54E84B2458D}.Release|Any CPU.Build.0 = Release|Any CPU
		{3CF286AA-D6B0-4DDC-BFCB-C47ADC7A107C}.Debug|Any CPU.ActiveCfg = Debug|Any CPU
		{3CF286AA-D6B0-4DDC-BFCB-C47ADC7A107C}.Debug|Any CPU.Build.0 = Debug|Any CPU
		{3CF286AA-D6B0-4DDC-BFCB-C47ADC7A107C}.Release|Any CPU.ActiveCfg = Release|Any CPU
		{3CF286AA-D6B0-4DDC-BFCB-C47ADC7A107C}.Release|Any CPU.Build.0 = Release|Any CPU
		{EF80F886-4756-4B14-9513-0BAD02256C73}.Debug|Any CPU.ActiveCfg = Debug|Any CPU
		{EF80F886-4756-4B14-9513-0BAD02256C73}.Debug|Any CPU.Build.0 = Debug|Any CPU
		{EF80F886-4756-4B14-9513-0BAD02256C73}.Release|Any CPU.ActiveCfg = Release|Any CPU
		{EF80F886-4756-4B14-9513-0BAD02256C73}.Release|Any CPU.Build.0 = Release|Any CPU
		{CF846552-F1C8-4DDD-B52E-A4A534EFF5BC}.Debug|Any CPU.ActiveCfg = Debug|Any CPU
		{CF846552-F1C8-4DDD-B52E-A4A534EFF5BC}.Debug|Any CPU.Build.0 = Debug|Any CPU
		{CF846552-F1C8-4DDD-B52E-A4A534EFF5BC}.Release|Any CPU.ActiveCfg = Release|Any CPU
		{CF846552-F1C8-4DDD-B52E-A4A534EFF5BC}.Release|Any CPU.Build.0 = Release|Any CPU
		{32913B4F-C540-48A1-B1CA-E8CE1345FBC2}.Debug|Any CPU.ActiveCfg = Debug|Any CPU
		{32913B4F-C540-48A1-B1CA-E8CE1345FBC2}.Debug|Any CPU.Build.0 = Debug|Any CPU
		{32913B4F-C540-48A1-B1CA-E8CE1345FBC2}.Release|Any CPU.ActiveCfg = Release|Any CPU
		{32913B4F-C540-48A1-B1CA-E8CE1345FBC2}.Release|Any CPU.Build.0 = Release|Any CPU
		{0F62602C-2603-426C-B305-61B57C3D08B7}.Debug|Any CPU.ActiveCfg = Debug|Any CPU
		{0F62602C-2603-426C-B305-61B57C3D08B7}.Debug|Any CPU.Build.0 = Debug|Any CPU
		{0F62602C-2603-426C-B305-61B57C3D08B7}.Release|Any CPU.ActiveCfg = Release|Any CPU
		{0F62602C-2603-426C-B305-61B57C3D08B7}.Release|Any CPU.Build.0 = Release|Any CPU
		{7A5E9F3A-0DB0-4781-8841-430D2A6D48BA}.Debug|Any CPU.ActiveCfg = Debug|Any CPU
		{7A5E9F3A-0DB0-4781-8841-430D2A6D48BA}.Debug|Any CPU.Build.0 = Debug|Any CPU
		{7A5E9F3A-0DB0-4781-8841-430D2A6D48BA}.Release|Any CPU.ActiveCfg = Release|Any CPU
		{7A5E9F3A-0DB0-4781-8841-430D2A6D48BA}.Release|Any CPU.Build.0 = Release|Any CPU
		{2045007B-C1EE-498C-AAFE-FB7B203B721D}.Debug|Any CPU.ActiveCfg = Debug|Any CPU
		{2045007B-C1EE-498C-AAFE-FB7B203B721D}.Debug|Any CPU.Build.0 = Debug|Any CPU
		{2045007B-C1EE-498C-AAFE-FB7B203B721D}.Release|Any CPU.ActiveCfg = Release|Any CPU
		{2045007B-C1EE-498C-AAFE-FB7B203B721D}.Release|Any CPU.Build.0 = Release|Any CPU
		{A22318A6-BFB0-49AE-B8ED-9365F8F7A025}.Debug|Any CPU.ActiveCfg = Debug|Any CPU
		{A22318A6-BFB0-49AE-B8ED-9365F8F7A025}.Debug|Any CPU.Build.0 = Debug|Any CPU
		{A22318A6-BFB0-49AE-B8ED-9365F8F7A025}.Release|Any CPU.ActiveCfg = Release|Any CPU
		{A22318A6-BFB0-49AE-B8ED-9365F8F7A025}.Release|Any CPU.Build.0 = Release|Any CPU
		{B851D5EC-DD04-4197-9032-5C23E7BEFA0B}.Debug|Any CPU.ActiveCfg = Debug|Any CPU
		{B851D5EC-DD04-4197-9032-5C23E7BEFA0B}.Debug|Any CPU.Build.0 = Debug|Any CPU
		{B851D5EC-DD04-4197-9032-5C23E7BEFA0B}.Release|Any CPU.ActiveCfg = Release|Any CPU
		{B851D5EC-DD04-4197-9032-5C23E7BEFA0B}.Release|Any CPU.Build.0 = Release|Any CPU
		{14E39C0A-9D2D-4ACD-973D-5CD6BD25178E}.Debug|Any CPU.ActiveCfg = Debug|Any CPU
		{14E39C0A-9D2D-4ACD-973D-5CD6BD25178E}.Debug|Any CPU.Build.0 = Debug|Any CPU
		{14E39C0A-9D2D-4ACD-973D-5CD6BD25178E}.Release|Any CPU.ActiveCfg = Release|Any CPU
		{14E39C0A-9D2D-4ACD-973D-5CD6BD25178E}.Release|Any CPU.Build.0 = Release|Any CPU
	EndGlobalSection
	GlobalSection(SolutionProperties) = preSolution
		HideSolutionNode = FALSE
	EndGlobalSection
	GlobalSection(NestedProjects) = preSolution
		{3CF286AA-D6B0-4DDC-BFCB-C47ADC7A107C} = {247347F4-E077-4E74-9E65-D457B91CB53D}
		{EF80F886-4756-4B14-9513-0BAD02256C73} = {247347F4-E077-4E74-9E65-D457B91CB53D}
		{CF846552-F1C8-4DDD-B52E-A4A534EFF5BC} = {247347F4-E077-4E74-9E65-D457B91CB53D}
		{32913B4F-C540-48A1-B1CA-E8CE1345FBC2} = {247347F4-E077-4E74-9E65-D457B91CB53D}
		{0F62602C-2603-426C-B305-61B57C3D08B7} = {8EA339D5-8D54-460C-BB8E-C63DA144B5A7}
		{7A5E9F3A-0DB0-4781-8841-430D2A6D48BA} = {8EA339D5-8D54-460C-BB8E-C63DA144B5A7}
		{2045007B-C1EE-498C-AAFE-FB7B203B721D} = {93313D71-82F0-4A1B-9E76-2E3781E901D0}
		{A22318A6-BFB0-49AE-B8ED-9365F8F7A025} = {93313D71-82F0-4A1B-9E76-2E3781E901D0}
		{B851D5EC-DD04-4197-9032-5C23E7BEFA0B} = {93313D71-82F0-4A1B-9E76-2E3781E901D0}
		{14E39C0A-9D2D-4ACD-973D-5CD6BD25178E} = {93313D71-82F0-4A1B-9E76-2E3781E901D0}
	EndGlobalSection
	GlobalSection(ExtensibilityGlobals) = postSolution
		SolutionGuid = {F263C270-9AAB-4306-9DDE-5D2EBC08D948}
	EndGlobalSection
EndGlobal
